
Microsoft Visual Studio Solution File, Format Version 12.00
# Visual Studio Version 17
VisualStudioVersion = 17.14.36518.9
MinimumVisualStudioVersion = 10.0.40219.1
Project("{2150E333-8FDC-42A3-9474-1A3956D46DE8}") = "Task0", "Task0", "{02EA681E-C7D8-13C7-8484-4AC65E1B71E8}"
EndProject
Project("{FAE04EC0-301F-11D3-BF4B-00C04F79EFBC}") = "Tyuiu.ShiganovaAV.Sprint6.Task0.V19.Lib", "Tyuiu.ShiganovaAV.Sprint6.Task0.V19.Lib\Tyuiu.ShiganovaAV.Sprint6.Task0.V19.Lib.csproj", "{045B18C9-D484-4747-99F2-110598C9ED93}"
EndProject
Project("{FAE04EC0-301F-11D3-BF4B-00C04F79EFBC}") = "Tyuiu.ShiganovaAV.Sprint6.Task0.V19.Test", "Tyuiu.ShiganovaAV.Sprint6.Task0.V19.Test\Tyuiu.ShiganovaAV.Sprint6.Task0.V19.Test.csproj", "{08DEB111-A2FE-4E21-BD89-26CE9292AFE2}"
EndProject
Project("{FAE04EC0-301F-11D3-BF4B-00C04F79EFBC}") = "Tyuiu.ShiganovaAV.Sprint6.Task0.V19", "Tyuiu.ShiganovaAV.Sprint6.Task0.V19\Tyuiu.ShiganovaAV.Sprint6.Task0.V19.csproj", "{400738AE-A4B6-482A-8D62-25877B3C480D}"
EndProject
Project("{2150E333-8FDC-42A3-9474-1A3956D46DE8}") = "Task1", "Task1", "{2504B8B3-2B22-4F40-A9EC-296C46841E2A}"
EndProject
Project("{FAE04EC0-301F-11D3-BF4B-00C04F79EFBC}") = "Tyuiu.ShiganovaAV.Sprint6.Task1.V26.Lib", "Tyuiu.ShiganovaAV.Sprint6.Task1.V26.Lib\Tyuiu.ShiganovaAV.Sprint6.Task1.V26.Lib.csproj", "{E9797430-4DCB-4AD2-8ACC-3EC5BA454DE3}"
EndProject
Project("{FAE04EC0-301F-11D3-BF4B-00C04F79EFBC}") = "Tyuiu.ShiganovaAV.Sprint6.Task1.V26.Test", "Tyuiu.ShiganovaAV.Sprint6.Task1.V26.Test\Tyuiu.ShiganovaAV.Sprint6.Task1.V26.Test.csproj", "{1445F702-C1B8-43B5-ABBC-ECD74CE90DC0}"
EndProject
Project("{FAE04EC0-301F-11D3-BF4B-00C04F79EFBC}") = "Tyuiu.ShiganovaAV.Sprint6.Task1.V26", "Tyuiu.ShiganovaAV.Sprint6.Task1.V26\Tyuiu.ShiganovaAV.Sprint6.Task1.V26.csproj", "{F987C325-5A42-4EF8-B397-EDDA33587D3E}"
EndProject
Project("{2150E333-8FDC-42A3-9474-1A3956D46DE8}") = "Task2", "Task2", "{1C6EFD7F-00DE-4DA9-8655-741EA786966A}"
EndProject
Project("{FAE04EC0-301F-11D3-BF4B-00C04F79EFBC}") = "Tyuiu.ShiganovaAV.Sprint6.Task2.V12.Lib", "Tyuiu.ShiganovaAV.Sprint6.Task2.V12.Lib\Tyuiu.ShiganovaAV.Sprint6.Task2.V12.Lib.csproj", "{BFC299CF-4849-4061-8B59-FB83EE2ED874}"
EndProject
Project("{FAE04EC0-301F-11D3-BF4B-00C04F79EFBC}") = "Tyuiu.ShiganovaAV.Sprint6.Task2.V12.Test", "Tyuiu.ShiganovaAV.Sprint6.Task2.V12.Test\Tyuiu.ShiganovaAV.Sprint6.Task2.V12.Test.csproj", "{A2CFD66B-D80D-4CC7-8272-5BCD25B077C0}"
EndProject
Project("{FAE04EC0-301F-11D3-BF4B-00C04F79EFBC}") = "Tyuiu.ShiganovaAV.Sprint6.Task2.V12", "Tyuiu.ShiganovaAV.Sprint6.Task2.V12\Tyuiu.ShiganovaAV.Sprint6.Task2.V12.csproj", "{74F80A8F-0FCD-4C18-92BE-F3873FD676B8}"
EndProject
Project("{2150E333-8FDC-42A3-9474-1A3956D46DE8}") = "Task3", "Task3", "{3AB6FD60-6239-4CD8-B2C7-EF0F5010B59A}"
EndProject
Project("{FAE04EC0-301F-11D3-BF4B-00C04F79EFBC}") = "Tyuiu.ShiganovaAV.Sprint6.Task3.V11.Lib", "Tyuiu.ShiganovaAV.Sprint6.Task3.V11.Lib\Tyuiu.ShiganovaAV.Sprint6.Task3.V11.Lib.csproj", "{528895D4-A2A8-4203-BC17-387C007B855B}"
EndProject
Project("{FAE04EC0-301F-11D3-BF4B-00C04F79EFBC}") = "Tyuiu.ShiganovaAV.Sprint6.Task3.V11.Test", "Tyuiu.ShiganovaAV.Sprint6.Task3.V11.Test\Tyuiu.ShiganovaAV.Sprint6.Task3.V11.Test.csproj", "{DAB622F8-D8B0-400A-8693-E9A884A20F00}"
EndProject
Project("{FAE04EC0-301F-11D3-BF4B-00C04F79EFBC}") = "Tyuiu.ShiganovaAV.Sprint6.Task3.V11", "Tyuiu.ShiganovaAV.Sprint6.Task3.V11\Tyuiu.ShiganovaAV.Sprint6.Task3.V11.csproj", "{F0E0C2FB-C03A-4B02-B9EE-1D58D6CA35C9}"
EndProject
Project("{2150E333-8FDC-42A3-9474-1A3956D46DE8}") = "Task4", "Task4", "{0D621BC8-59C1-4C24-AAFC-65F2174394FE}"
EndProject
Project("{FAE04EC0-301F-11D3-BF4B-00C04F79EFBC}") = "Tyuiu.ShiganovaAV.Sprint6.Task4.V5.Lib", "Tyuiu.ShiganovaAV.Sprint6.Task4.V5.Lib\Tyuiu.ShiganovaAV.Sprint6.Task4.V5.Lib.csproj", "{9D30F804-F15F-405D-BADE-86721F644C02}"
EndProject
Project("{FAE04EC0-301F-11D3-BF4B-00C04F79EFBC}") = "Tyuiu.ShiganovaAV.Sprint6.Task4.V5.Test", "Tyuiu.ShiganovaAV.Sprint6.Task4.V5.Test\Tyuiu.ShiganovaAV.Sprint6.Task4.V5.Test.csproj", "{B144C010-E442-4C71-9B3F-FAFFAE639463}"
EndProject
Project("{FAE04EC0-301F-11D3-BF4B-00C04F79EFBC}") = "Tyuiu.ShiganovaAV.Sprint6.Task4.V5", "Tyuiu.ShiganovaAV.Sprint6.Task4.V5\Tyuiu.ShiganovaAV.Sprint6.Task4.V5.csproj", "{AE788BB9-3A44-452D-88B4-F9DF5C1B0F12}"
EndProject
Project("{2150E333-8FDC-42A3-9474-1A3956D46DE8}") = "Task5", "Task5", "{BEB3FE73-78E0-4D7C-BA76-FCCCA8DB78B3}"
EndProject
Project("{FAE04EC0-301F-11D3-BF4B-00C04F79EFBC}") = "Tyuiu.ShiganovaAV.Sprint6.Task5.V27.Lib", "Tyuiu.ShiganovaAV.Sprint6.Task5.V27.Lib\Tyuiu.ShiganovaAV.Sprint6.Task5.V27.Lib.csproj", "{8EAAA3E8-2F4A-47CD-BAB9-3372CA77860D}"
EndProject
Project("{FAE04EC0-301F-11D3-BF4B-00C04F79EFBC}") = "Tyuiu.ShiganovaAV.Sprint6.Task5.V27.Test", "Tyuiu.ShiganovaAV.Sprint6.Task5.V27.Test\Tyuiu.ShiganovaAV.Sprint6.Task5.V27.Test.csproj", "{25FDA108-5882-4556-A760-23258D6BD7B9}"
EndProject
Project("{FAE04EC0-301F-11D3-BF4B-00C04F79EFBC}") = "Tyuiu.ShiganovaAV.Sprint6.Task5.V27", "Tyuiu.ShiganovaAV.Sprint6.Task5.V27\Tyuiu.ShiganovaAV.Sprint6.Task5.V27.csproj", "{4F030736-690A-41D5-8401-EDBC70F4DC20}"
EndProject
Project("{2150E333-8FDC-42A3-9474-1A3956D46DE8}") = "Task6", "Task6", "{35FACABF-08EA-4240-96E7-9B39458E382F}"
EndProject
Project("{FAE04EC0-301F-11D3-BF4B-00C04F79EFBC}") = "Tyuiu.ShiganovaAV.Sprint6.Task6.V17.Lib", "Tyuiu.ShiganovaAV.Sprint6.Task6.V17.Lib\Tyuiu.ShiganovaAV.Sprint6.Task6.V17.Lib.csproj", "{22A971C5-F7BA-49C8-9DDE-A7CDBBCA683D}"
EndProject
Project("{FAE04EC0-301F-11D3-BF4B-00C04F79EFBC}") = "Tyuiu.ShiganovaAV.Sprint6.Task6.V17.Test", "Tyuiu.ShiganovaAV.Sprint6.Task6.V17.Test\Tyuiu.ShiganovaAV.Sprint6.Task6.V17.Test.csproj", "{215B3EAB-D5A7-4F3A-8110-66EE89AE63CA}"
EndProject
Project("{FAE04EC0-301F-11D3-BF4B-00C04F79EFBC}") = "Tyuiu.ShiganovaAV.Sprint6.Task6.V17", "Tyuiu.ShiganovaAV.Sprint6.Task6.V17\Tyuiu.ShiganovaAV.Sprint6.Task6.V17.csproj", "{4D3D4C67-13C8-492C-B01C-6C500ADC95F3}"
EndProject
Global
	GlobalSection(SolutionConfigurationPlatforms) = preSolution
		Debug|Any CPU = Debug|Any CPU
		Release|Any CPU = Release|Any CPU
	EndGlobalSection
	GlobalSection(ProjectConfigurationPlatforms) = postSolution
		{045B18C9-D484-4747-99F2-110598C9ED93}.Debug|Any CPU.ActiveCfg = Debug|Any CPU
		{045B18C9-D484-4747-99F2-110598C9ED93}.Debug|Any CPU.Build.0 = Debug|Any CPU
		{045B18C9-D484-4747-99F2-110598C9ED93}.Release|Any CPU.ActiveCfg = Release|Any CPU
		{045B18C9-D484-4747-99F2-110598C9ED93}.Release|Any CPU.Build.0 = Release|Any CPU
		{08DEB111-A2FE-4E21-BD89-26CE9292AFE2}.Debug|Any CPU.ActiveCfg = Debug|Any CPU
		{08DEB111-A2FE-4E21-BD89-26CE9292AFE2}.Debug|Any CPU.Build.0 = Debug|Any CPU
		{08DEB111-A2FE-4E21-BD89-26CE9292AFE2}.Release|Any CPU.ActiveCfg = Release|Any CPU
		{08DEB111-A2FE-4E21-BD89-26CE9292AFE2}.Release|Any CPU.Build.0 = Release|Any CPU
		{400738AE-A4B6-482A-8D62-25877B3C480D}.Debug|Any CPU.ActiveCfg = Debug|Any CPU
		{400738AE-A4B6-482A-8D62-25877B3C480D}.Debug|Any CPU.Build.0 = Debug|Any CPU
		{400738AE-A4B6-482A-8D62-25877B3C480D}.Release|Any CPU.ActiveCfg = Release|Any CPU
		{400738AE-A4B6-482A-8D62-25877B3C480D}.Release|Any CPU.Build.0 = Release|Any CPU
		{E9797430-4DCB-4AD2-8ACC-3EC5BA454DE3}.Debug|Any CPU.ActiveCfg = Debug|Any CPU
		{E9797430-4DCB-4AD2-8ACC-3EC5BA454DE3}.Debug|Any CPU.Build.0 = Debug|Any CPU
		{E9797430-4DCB-4AD2-8ACC-3EC5BA454DE3}.Release|Any CPU.ActiveCfg = Release|Any CPU
		{E9797430-4DCB-4AD2-8ACC-3EC5BA454DE3}.Release|Any CPU.Build.0 = Release|Any CPU
		{1445F702-C1B8-43B5-ABBC-ECD74CE90DC0}.Debug|Any CPU.ActiveCfg = Debug|Any CPU
		{1445F702-C1B8-43B5-ABBC-ECD74CE90DC0}.Debug|Any CPU.Build.0 = Debug|Any CPU
		{1445F702-C1B8-43B5-ABBC-ECD74CE90DC0}.Release|Any CPU.ActiveCfg = Release|Any CPU
		{1445F702-C1B8-43B5-ABBC-ECD74CE90DC0}.Release|Any CPU.Build.0 = Release|Any CPU
		{F987C325-5A42-4EF8-B397-EDDA33587D3E}.Debug|Any CPU.ActiveCfg = Debug|Any CPU
		{F987C325-5A42-4EF8-B397-EDDA33587D3E}.Debug|Any CPU.Build.0 = Debug|Any CPU
		{F987C325-5A42-4EF8-B397-EDDA33587D3E}.Release|Any CPU.ActiveCfg = Release|Any CPU
		{F987C325-5A42-4EF8-B397-EDDA33587D3E}.Release|Any CPU.Build.0 = Release|Any CPU
		{BFC299CF-4849-4061-8B59-FB83EE2ED874}.Debug|Any CPU.ActiveCfg = Debug|Any CPU
		{BFC299CF-4849-4061-8B59-FB83EE2ED874}.Debug|Any CPU.Build.0 = Debug|Any CPU
		{BFC299CF-4849-4061-8B59-FB83EE2ED874}.Release|Any CPU.ActiveCfg = Release|Any CPU
		{BFC299CF-4849-4061-8B59-FB83EE2ED874}.Release|Any CPU.Build.0 = Release|Any CPU
		{A2CFD66B-D80D-4CC7-8272-5BCD25B077C0}.Debug|Any CPU.ActiveCfg = Debug|Any CPU
		{A2CFD66B-D80D-4CC7-8272-5BCD25B077C0}.Debug|Any CPU.Build.0 = Debug|Any CPU
		{A2CFD66B-D80D-4CC7-8272-5BCD25B077C0}.Release|Any CPU.ActiveCfg = Release|Any CPU
		{A2CFD66B-D80D-4CC7-8272-5BCD25B077C0}.Release|Any CPU.Build.0 = Release|Any CPU
		{74F80A8F-0FCD-4C18-92BE-F3873FD676B8}.Debug|Any CPU.ActiveCfg = Debug|Any CPU
		{74F80A8F-0FCD-4C18-92BE-F3873FD676B8}.Debug|Any CPU.Build.0 = Debug|Any CPU
		{74F80A8F-0FCD-4C18-92BE-F3873FD676B8}.Release|Any CPU.ActiveCfg = Release|Any CPU
		{74F80A8F-0FCD-4C18-92BE-F3873FD676B8}.Release|Any CPU.Build.0 = Release|Any CPU
		{528895D4-A2A8-4203-BC17-387C007B855B}.Debug|Any CPU.ActiveCfg = Debug|Any CPU
		{528895D4-A2A8-4203-BC17-387C007B855B}.Debug|Any CPU.Build.0 = Debug|Any CPU
		{528895D4-A2A8-4203-BC17-387C007B855B}.Release|Any CPU.ActiveCfg = Release|Any CPU
		{528895D4-A2A8-4203-BC17-387C007B855B}.Release|Any CPU.Build.0 = Release|Any CPU
		{DAB622F8-D8B0-400A-8693-E9A884A20F00}.Debug|Any CPU.ActiveCfg = Debug|Any CPU
		{DAB622F8-D8B0-400A-8693-E9A884A20F00}.Debug|Any CPU.Build.0 = Debug|Any CPU
		{DAB622F8-D8B0-400A-8693-E9A884A20F00}.Release|Any CPU.ActiveCfg = Release|Any CPU
		{DAB622F8-D8B0-400A-8693-E9A884A20F00}.Release|Any CPU.Build.0 = Release|Any CPU
		{F0E0C2FB-C03A-4B02-B9EE-1D58D6CA35C9}.Debug|Any CPU.ActiveCfg = Debug|Any CPU
		{F0E0C2FB-C03A-4B02-B9EE-1D58D6CA35C9}.Debug|Any CPU.Build.0 = Debug|Any CPU
		{F0E0C2FB-C03A-4B02-B9EE-1D58D6CA35C9}.Release|Any CPU.ActiveCfg = Release|Any CPU
		{F0E0C2FB-C03A-4B02-B9EE-1D58D6CA35C9}.Release|Any CPU.Build.0 = Release|Any CPU
		{9D30F804-F15F-405D-BADE-86721F644C02}.Debug|Any CPU.ActiveCfg = Debug|Any CPU
		{9D30F804-F15F-405D-BADE-86721F644C02}.Debug|Any CPU.Build.0 = Debug|Any CPU
		{9D30F804-F15F-405D-BADE-86721F644C02}.Release|Any CPU.ActiveCfg = Release|Any CPU
		{9D30F804-F15F-405D-BADE-86721F644C02}.Release|Any CPU.Build.0 = Release|Any CPU
		{B144C010-E442-4C71-9B3F-FAFFAE639463}.Debug|Any CPU.ActiveCfg = Debug|Any CPU
		{B144C010-E442-4C71-9B3F-FAFFAE639463}.Debug|Any CPU.Build.0 = Debug|Any CPU
		{B144C010-E442-4C71-9B3F-FAFFAE639463}.Release|Any CPU.ActiveCfg = Release|Any CPU
		{B144C010-E442-4C71-9B3F-FAFFAE639463}.Release|Any CPU.Build.0 = Release|Any CPU
		{AE788BB9-3A44-452D-88B4-F9DF5C1B0F12}.Debug|Any CPU.ActiveCfg = Debug|Any CPU
		{AE788BB9-3A44-452D-88B4-F9DF5C1B0F12}.Debug|Any CPU.Build.0 = Debug|Any CPU
		{AE788BB9-3A44-452D-88B4-F9DF5C1B0F12}.Release|Any CPU.ActiveCfg = Release|Any CPU
		{AE788BB9-3A44-452D-88B4-F9DF5C1B0F12}.Release|Any CPU.Build.0 = Release|Any CPU
		{8EAAA3E8-2F4A-47CD-BAB9-3372CA77860D}.Debug|Any CPU.ActiveCfg = Debug|Any CPU
		{8EAAA3E8-2F4A-47CD-BAB9-3372CA77860D}.Debug|Any CPU.Build.0 = Debug|Any CPU
		{8EAAA3E8-2F4A-47CD-BAB9-3372CA77860D}.Release|Any CPU.ActiveCfg = Release|Any CPU
		{8EAAA3E8-2F4A-47CD-BAB9-3372CA77860D}.Release|Any CPU.Build.0 = Release|Any CPU
		{25FDA108-5882-4556-A760-23258D6BD7B9}.Debug|Any CPU.ActiveCfg = Debug|Any CPU
		{25FDA108-5882-4556-A760-23258D6BD7B9}.Debug|Any CPU.Build.0 = Debug|Any CPU
		{25FDA108-5882-4556-A760-23258D6BD7B9}.Release|Any CPU.ActiveCfg = Release|Any CPU
		{25FDA108-5882-4556-A760-23258D6BD7B9}.Release|Any CPU.Build.0 = Release|Any CPU
		{4F030736-690A-41D5-8401-EDBC70F4DC20}.Debug|Any CPU.ActiveCfg = Debug|Any CPU
		{4F030736-690A-41D5-8401-EDBC70F4DC20}.Debug|Any CPU.Build.0 = Debug|Any CPU
		{4F030736-690A-41D5-8401-EDBC70F4DC20}.Release|Any CPU.ActiveCfg = Release|Any CPU
		{4F030736-690A-41D5-8401-EDBC70F4DC20}.Release|Any CPU.Build.0 = Release|Any CPU
		{22A971C5-F7BA-49C8-9DDE-A7CDBBCA683D}.Debug|Any CPU.ActiveCfg = Debug|Any CPU
		{22A971C5-F7BA-49C8-9DDE-A7CDBBCA683D}.Debug|Any CPU.Build.0 = Debug|Any CPU
		{22A971C5-F7BA-49C8-9DDE-A7CDBBCA683D}.Release|Any CPU.ActiveCfg = Release|Any CPU
		{22A971C5-F7BA-49C8-9DDE-A7CDBBCA683D}.Release|Any CPU.Build.0 = Release|Any CPU
		{215B3EAB-D5A7-4F3A-8110-66EE89AE63CA}.Debug|Any CPU.ActiveCfg = Debug|Any CPU
		{215B3EAB-D5A7-4F3A-8110-66EE89AE63CA}.Debug|Any CPU.Build.0 = Debug|Any CPU
		{215B3EAB-D5A7-4F3A-8110-66EE89AE63CA}.Release|Any CPU.ActiveCfg = Release|Any CPU
		{215B3EAB-D5A7-4F3A-8110-66EE89AE63CA}.Release|Any CPU.Build.0 = Release|Any CPU
		{4D3D4C67-13C8-492C-B01C-6C500ADC95F3}.Debug|Any CPU.ActiveCfg = Debug|Any CPU
		{4D3D4C67-13C8-492C-B01C-6C500ADC95F3}.Debug|Any CPU.Build.0 = Debug|Any CPU
		{4D3D4C67-13C8-492C-B01C-6C500ADC95F3}.Release|Any CPU.ActiveCfg = Release|Any CPU
		{4D3D4C67-13C8-492C-B01C-6C500ADC95F3}.Release|Any CPU.Build.0 = Release|Any CPU
	EndGlobalSection
	GlobalSection(SolutionProperties) = preSolution
		HideSolutionNode = FALSE
	EndGlobalSection
	GlobalSection(NestedProjects) = preSolution
		{045B18C9-D484-4747-99F2-110598C9ED93} = {02EA681E-C7D8-13C7-8484-4AC65E1B71E8}
		{08DEB111-A2FE-4E21-BD89-26CE9292AFE2} = {02EA681E-C7D8-13C7-8484-4AC65E1B71E8}
		{400738AE-A4B6-482A-8D62-25877B3C480D} = {02EA681E-C7D8-13C7-8484-4AC65E1B71E8}
		{E9797430-4DCB-4AD2-8ACC-3EC5BA454DE3} = {2504B8B3-2B22-4F40-A9EC-296C46841E2A}
		{1445F702-C1B8-43B5-ABBC-ECD74CE90DC0} = {2504B8B3-2B22-4F40-A9EC-296C46841E2A}
		{F987C325-5A42-4EF8-B397-EDDA33587D3E} = {2504B8B3-2B22-4F40-A9EC-296C46841E2A}
		{BFC299CF-4849-4061-8B59-FB83EE2ED874} = {1C6EFD7F-00DE-4DA9-8655-741EA786966A}
		{A2CFD66B-D80D-4CC7-8272-5BCD25B077C0} = {1C6EFD7F-00DE-4DA9-8655-741EA786966A}
		{74F80A8F-0FCD-4C18-92BE-F3873FD676B8} = {1C6EFD7F-00DE-4DA9-8655-741EA786966A}
		{528895D4-A2A8-4203-BC17-387C007B855B} = {3AB6FD60-6239-4CD8-B2C7-EF0F5010B59A}
		{DAB622F8-D8B0-400A-8693-E9A884A20F00} = {3AB6FD60-6239-4CD8-B2C7-EF0F5010B59A}
		{F0E0C2FB-C03A-4B02-B9EE-1D58D6CA35C9} = {3AB6FD60-6239-4CD8-B2C7-EF0F5010B59A}
		{9D30F804-F15F-405D-BADE-86721F644C02} = {0D621BC8-59C1-4C24-AAFC-65F2174394FE}
		{B144C010-E442-4C71-9B3F-FAFFAE639463} = {0D621BC8-59C1-4C24-AAFC-65F2174394FE}
		{AE788BB9-3A44-452D-88B4-F9DF5C1B0F12} = {0D621BC8-59C1-4C24-AAFC-65F2174394FE}
		{8EAAA3E8-2F4A-47CD-BAB9-3372CA77860D} = {BEB3FE73-78E0-4D7C-BA76-FCCCA8DB78B3}
		{25FDA108-5882-4556-A760-23258D6BD7B9} = {BEB3FE73-78E0-4D7C-BA76-FCCCA8DB78B3}
		{4F030736-690A-41D5-8401-EDBC70F4DC20} = {BEB3FE73-78E0-4D7C-BA76-FCCCA8DB78B3}
		{22A971C5-F7BA-49C8-9DDE-A7CDBBCA683D} = {35FACABF-08EA-4240-96E7-9B39458E382F}
		{215B3EAB-D5A7-4F3A-8110-66EE89AE63CA} = {35FACABF-08EA-4240-96E7-9B39458E382F}
		{4D3D4C67-13C8-492C-B01C-6C500ADC95F3} = {35FACABF-08EA-4240-96E7-9B39458E382F}
	EndGlobalSection
	GlobalSection(ExtensibilityGlobals) = postSolution
		SolutionGuid = {6C77E84E-F82F-4E53-87D7-E06818BCC8D7}
	EndGlobalSection
EndGlobal
